
Microsoft Visual Studio Solution File, Format Version 12.00
# Visual Studio Version 16
VisualStudioVersion = 16.0.31727.386
MinimumVisualStudioVersion = 10.0.40219.1
Project("{FAE04EC0-301F-11D3-BF4B-00C04F79EFBC}") = "AppS3KSanchez.Android", "AppS3KSanchez.Android\AppS3KSanchez.Android.csproj", "{3319FD16-2AED-4BF8-84E6-E9C050DBB068}"
EndProject
Project("{FAE04EC0-301F-11D3-BF4B-00C04F79EFBC}") = "AppS3KSanchez.iOS", "AppS3KSanchez.iOS\AppS3KSanchez.iOS.csproj", "{798AD5CC-BF9B-4E11-9FA8-337CB4876844}"
EndProject
Project("{FAE04EC0-301F-11D3-BF4B-00C04F79EFBC}") = "AppS3KSanchez", "AppS3KSanchez\AppS3KSanchez.csproj", "{98AD3011-27F1-4D44-9A1F-CC12DE239529}"
EndProject
Global
	GlobalSection(SolutionConfigurationPlatforms) = preSolution
		Debug|Any CPU = Debug|Any CPU
		Debug|iPhone = Debug|iPhone
		Debug|iPhoneSimulator = Debug|iPhoneSimulator
		Release|Any CPU = Release|Any CPU
		Release|iPhone = Release|iPhone
		Release|iPhoneSimulator = Release|iPhoneSimulator
	EndGlobalSection
	GlobalSection(ProjectConfigurationPlatforms) = postSolution
		{3319FD16-2AED-4BF8-84E6-E9C050DBB068}.Debug|Any CPU.ActiveCfg = Debug|Any CPU
		{3319FD16-2AED-4BF8-84E6-E9C050DBB068}.Debug|Any CPU.Build.0 = Debug|Any CPU
		{3319FD16-2AED-4BF8-84E6-E9C050DBB068}.Debug|Any CPU.Deploy.0 = Debug|Any CPU
		{3319FD16-2AED-4BF8-84E6-E9C050DBB068}.Debug|iPhone.ActiveCfg = Debug|Any CPU
		{3319FD16-2AED-4BF8-84E6-E9C050DBB068}.Debug|iPhone.Build.0 = Debug|Any CPU
		{3319FD16-2AED-4BF8-84E6-E9C050DBB068}.Debug|iPhone.Deploy.0 = Debug|Any CPU
		{3319FD16-2AED-4BF8-84E6-E9C050DBB068}.Debug|iPhoneSimulator.ActiveCfg = Debug|Any CPU
		{3319FD16-2AED-4BF8-84E6-E9C050DBB068}.Debug|iPhoneSimulator.Build.0 = Debug|Any CPU
		{3319FD16-2AED-4BF8-84E6-E9C050DBB068}.Debug|iPhoneSimulator.Deploy.0 = Debug|Any CPU
		{3319FD16-2AED-4BF8-84E6-E9C050DBB068}.Release|Any CPU.ActiveCfg = Release|Any CPU
		{3319FD16-2AED-4BF8-84E6-E9C050DBB068}.Release|Any CPU.Build.0 = Release|Any CPU
		{3319FD16-2AED-4BF8-84E6-E9C050DBB068}.Release|Any CPU.Deploy.0 = Release|Any CPU
		{3319FD16-2AED-4BF8-84E6-E9C050DBB068}.Release|iPhone.ActiveCfg = Release|Any CPU
		{3319FD16-2AED-4BF8-84E6-E9C050DBB068}.Release|iPhone.Build.0 = Release|Any CPU
		{3319FD16-2AED-4BF8-84E6-E9C050DBB068}.Release|iPhone.Deploy.0 = Release|Any CPU
		{3319FD16-2AED-4BF8-84E6-E9C050DBB068}.Release|iPhoneSimulator.ActiveCfg = Release|Any CPU
		{3319FD16-2AED-4BF8-84E6-E9C050DBB068}.Release|iPhoneSimulator.Build.0 = Release|Any CPU
		{3319FD16-2AED-4BF8-84E6-E9C050DBB068}.Release|iPhoneSimulator.Deploy.0 = Release|Any CPU
		{798AD5CC-BF9B-4E11-9FA8-337CB4876844}.Debug|Any CPU.ActiveCfg = Debug|iPhone
		{798AD5CC-BF9B-4E11-9FA8-337CB4876844}.Debug|Any CPU.Build.0 = Debug|iPhone
		{798AD5CC-BF9B-4E11-9FA8-337CB4876844}.Debug|Any CPU.Deploy.0 = Debug|iPhone
		{798AD5CC-BF9B-4E11-9FA8-337CB4876844}.Debug|iPhone.ActiveCfg = Debug|iPhone
		{798AD5CC-BF9B-4E11-9FA8-337CB4876844}.Debug|iPhone.Build.0 = Debug|iPhone
		{798AD5CC-BF9B-4E11-9FA8-337CB4876844}.Debug|iPhone.Deploy.0 = Debug|iPhone
		{798AD5CC-BF9B-4E11-9FA8-337CB4876844}.Debug|iPhoneSimulator.ActiveCfg = Debug|iPhoneSimulator
		{798AD5CC-BF9B-4E11-9FA8-337CB4876844}.Debug|iPhoneSimulator.Build.0 = Debug|iPhoneSimulator
		{798AD5CC-BF9B-4E11-9FA8-337CB4876844}.Debug|iPhoneSimulator.Deploy.0 = Debug|iPhoneSimulator
		{798AD5CC-BF9B-4E11-9FA8-337CB4876844}.Release|Any CPU.ActiveCfg = Release|iPhoneSimulator
		{798AD5CC-BF9B-4E11-9FA8-337CB4876844}.Release|Any CPU.Build.0 = Release|iPhoneSimulator
		{798AD5CC-BF9B-4E11-9FA8-337CB4876844}.Release|Any CPU.Deploy.0 = Release|iPhoneSimulator
		{798AD5CC-BF9B-4E11-9FA8-337CB4876844}.Release|iPhone.ActiveCfg = Release|iPhone
		{798AD5CC-BF9B-4E11-9FA8-337CB4876844}.Release|iPhone.Build.0 = Release|iPhone
		{798AD5CC-BF9B-4E11-9FA8-337CB4876844}.Release|iPhone.Deploy.0 = Release|iPhone
		{798AD5CC-BF9B-4E11-9FA8-337CB4876844}.Release|iPhoneSimulator.ActiveCfg = Release|iPhoneSimulator
		{798AD5CC-BF9B-4E11-9FA8-337CB4876844}.Release|iPhoneSimulator.Build.0 = Release|iPhoneSimulator
		{798AD5CC-BF9B-4E11-9FA8-337CB4876844}.Release|iPhoneSimulator.Deploy.0 = Release|iPhoneSimulator
		{98AD3011-27F1-4D44-9A1F-CC12DE239529}.Debug|Any CPU.ActiveCfg = Debug|Any CPU
		{98AD3011-27F1-4D44-9A1F-CC12DE239529}.Debug|Any CPU.Build.0 = Debug|Any CPU
		{98AD3011-27F1-4D44-9A1F-CC12DE239529}.Debug|Any CPU.Deploy.0 = Debug|Any CPU
		{98AD3011-27F1-4D44-9A1F-CC12DE239529}.Debug|iPhone.ActiveCfg = Debug|Any CPU
		{98AD3011-27F1-4D44-9A1F-CC12DE239529}.Debug|iPhone.Build.0 = Debug|Any CPU
		{98AD3011-27F1-4D44-9A1F-CC12DE239529}.Debug|iPhone.Deploy.0 = Debug|Any CPU
		{98AD3011-27F1-4D44-9A1F-CC12DE239529}.Debug|iPhoneSimulator.ActiveCfg = Debug|Any CPU
		{98AD3011-27F1-4D44-9A1F-CC12DE239529}.Debug|iPhoneSimulator.Build.0 = Debug|Any CPU
		{98AD3011-27F1-4D44-9A1F-CC12DE239529}.Debug|iPhoneSimulator.Deploy.0 = Debug|Any CPU
		{98AD3011-27F1-4D44-9A1F-CC12DE239529}.Release|Any CPU.ActiveCfg = Release|Any CPU
		{98AD3011-27F1-4D44-9A1F-CC12DE239529}.Release|Any CPU.Build.0 = Release|Any CPU
		{98AD3011-27F1-4D44-9A1F-CC12DE239529}.Release|Any CPU.Deploy.0 = Release|Any CPU
		{98AD3011-27F1-4D44-9A1F-CC12DE239529}.Release|iPhone.ActiveCfg = Release|Any CPU
		{98AD3011-27F1-4D44-9A1F-CC12DE239529}.Release|iPhone.Build.0 = Release|Any CPU
		{98AD3011-27F1-4D44-9A1F-CC12DE239529}.Release|iPhone.Deploy.0 = Release|Any CPU
		{98AD3011-27F1-4D44-9A1F-CC12DE239529}.Release|iPhoneSimulator.ActiveCfg = Release|Any CPU
		{98AD3011-27F1-4D44-9A1F-CC12DE239529}.Release|iPhoneSimulator.Build.0 = Release|Any CPU
		{98AD3011-27F1-4D44-9A1F-CC12DE239529}.Release|iPhoneSimulator.Deploy.0 = Release|Any CPU
	EndGlobalSection
	GlobalSection(SolutionProperties) = preSolution
		HideSolutionNode = FALSE
	EndGlobalSection
	GlobalSection(ExtensibilityGlobals) = postSolution
		SolutionGuid = {1DB3F69C-F0F0-421A-8E9F-6595896CD998}
	EndGlobalSection
EndGlobal
